
Microsoft Visual Studio Solution File, Format Version 12.00
# Visual Studio 15
VisualStudioVersion = 15.0.26730.12
MinimumVisualStudioVersion = 10.0.40219.1
Project("{FAE04EC0-301F-11D3-BF4B-00C04F79EFBC}") = "Commmon", "Trunk\Commmon\Commmon.csproj", "{7D4B9CA8-3ADF-4335-BB3C-2EA949166F81}"
EndProject
Project("{2150E333-8FDC-42A3-9474-1A3956D46DE8}") = "Common", "Common", "{82738CF6-978E-4F93-9127-818416D73951}"
EndProject
Project("{FAE04EC0-301F-11D3-BF4B-00C04F79EFBC}") = "Common.Extended", "Trunk\Common.Extended\Common.Extended.csproj", "{F1F894CB-CB23-421E-9360-649AEEE533F9}"
EndProject
Project("{2150E333-8FDC-42A3-9474-1A3956D46DE8}") = ".SqlScript", ".SqlScript", "{CB5EF3BF-A7C8-4E4B-8707-BC70DE21E8E2}"
EndProject
Project("{2150E333-8FDC-42A3-9474-1A3956D46DE8}") = "Core", "Core", "{4CADFF2F-EC5D-4FEF-B6F7-7DDA68CD4DBF}"
EndProject
Project("{2150E333-8FDC-42A3-9474-1A3956D46DE8}") = "Test", "Test", "{40A202AB-CADF-4FF2-AD41-862129B295E2}"
EndProject
Project("{2150E333-8FDC-42A3-9474-1A3956D46DE8}") = "DataStore", "DataStore", "{239FE6F6-BF5A-46FF-A81F-3070E97109AE}"
EndProject
Project("{FAE04EC0-301F-11D3-BF4B-00C04F79EFBC}") = "Domain.ValueObject", "Trunk\Core\ObjectValue\Domain.ValueObject.csproj", "{435B31BC-A4D9-448F-9808-87BAFC7A0E1A}"
EndProject
Project("{FAE04EC0-301F-11D3-BF4B-00C04F79EFBC}") = "Domain.Entity", "Trunk\Core\Domain.Entity\Domain.Entity.csproj", "{6474B579-C50C-421C-A1B8-4845C84E60BE}"
EndProject
Project("{FAE04EC0-301F-11D3-BF4B-00C04F79EFBC}") = "Domain.Aggregate", "Trunk\Core\Domain.Aggregate\Domain.Aggregate.csproj", "{19C2C0C8-BD8F-4FA7-9596-F365E06502CB}"
EndProject
Project("{FAE04EC0-301F-11D3-BF4B-00C04F79EFBC}") = "Domain", "Trunk\Core\Domain\Domain.csproj", "{D946F4DC-D5A2-4DEE-82D1-D5DC9E16DFD2}"
EndProject
Project("{FAE04EC0-301F-11D3-BF4B-00C04F79EFBC}") = "Domain.Factory", "Trunk\Core\Domain.Factory\Domain.Factory.csproj", "{974E41A5-F3A8-4AC7-AE9A-031B5D233533}"
EndProject
Project("{FAE04EC0-301F-11D3-BF4B-00C04F79EFBC}") = "Domain.Repository", "Trunk\Core\Domain.Repository\Domain.Repository.csproj", "{C5587A31-B56E-405E-BAF8-ED6A6521AFC0}"
EndProject
Project("{FAE04EC0-301F-11D3-BF4B-00C04F79EFBC}") = "Domain.Service", "Trunk\Core\Domain.Service\Domain.Service.csproj", "{263BF298-4A0E-4268-986E-51FF3249291C}"
EndProject
Project("{FAE04EC0-301F-11D3-BF4B-00C04F79EFBC}") = "Domain.Event", "Trunk\Core\DomainEvent\Domain.Event.csproj", "{EEB758D8-43E1-4D09-89A2-43FB451CAAAC}"
EndProject
Project("{FAE04EC0-301F-11D3-BF4B-00C04F79EFBC}") = "IInfrastructure", "Trunk\Core\IBusiness\IInfrastructure.csproj", "{7D3619A9-44ED-40C3-80BB-BE6F22ED5977}"
EndProject
Project("{FAE04EC0-301F-11D3-BF4B-00C04F79EFBC}") = "IService", "Trunk\Core\IService\IService.csproj", "{64D3174D-4290-40C5-8DC7-82C47DB9BA5F}"
EndProject
Project("{FAE04EC0-301F-11D3-BF4B-00C04F79EFBC}") = "LoggerService", "Trunk\Core\LogService\LoggerService.csproj", "{E739BEF1-2020-4FAE-A048-76E0821279DD}"
EndProject
Project("{FAE04EC0-301F-11D3-BF4B-00C04F79EFBC}") = "Service", "Trunk\Core\Service\Service.csproj", "{65682A10-831E-48A9-8F86-4E162EE150B7}"
EndProject
Project("{FAE04EC0-301F-11D3-BF4B-00C04F79EFBC}") = "UnityService", "Trunk\Core\UnityService\UnityService.csproj", "{619D9A3B-E32D-40BD-8765-48410FC743BF}"
EndProject
Project("{FAE04EC0-301F-11D3-BF4B-00C04F79EFBC}") = "Infrastructure", "Trunk\Core\Business\Infrastructure.csproj", "{269A4A70-EEAF-4589-B6A3-48880A66EB78}"
EndProject
Project("{FAE04EC0-301F-11D3-BF4B-00C04F79EFBC}") = "DAO.EF", "Trunk\DataStore\DAO\DAO.EF.csproj", "{85EABA82-D9CC-40A9-8AC3-E721ACE16B06}"
EndProject
Project("{FAE04EC0-301F-11D3-BF4B-00C04F79EFBC}") = "DAO2", "Trunk\DataStore\DAO2\DAO2.csproj", "{C312B1C6-F253-4B77-838A-86979122D360}"
EndProject
Project("{FAE04EC0-301F-11D3-BF4B-00C04F79EFBC}") = "WebApi", "Trunk\WebApi\WebApi.csproj", "{1EF2E7E3-01E6-4EFC-9C54-C14E260ECECF}"
EndProject
Project("{FAE04EC0-301F-11D3-BF4B-00C04F79EFBC}") = "WebApi.测试", "Trunk\WebApi.测试\WebApi.测试.csproj", "{CD35EA33-56D7-4183-BEE0-EAF40A912C38}"
EndProject
Project("{FAE04EC0-301F-11D3-BF4B-00C04F79EFBC}") = "Test", "Trunk\Test\Test.csproj", "{E5FE41F8-2D8A-4D4D-8638-2C8381BA67E5}"
EndProject
Project("{FAE04EC0-301F-11D3-BF4B-00C04F79EFBC}") = "TestDDD", "Trunk\TestDDD\TestDDD.csproj", "{8FC28C9B-A465-418C-B22D-E42A4E7FF18F}"
EndProject
Global
	GlobalSection(SolutionConfigurationPlatforms) = preSolution
		Debug|Any CPU = Debug|Any CPU
		Release|Any CPU = Release|Any CPU
	EndGlobalSection
	GlobalSection(ProjectConfigurationPlatforms) = postSolution
		{7D4B9CA8-3ADF-4335-BB3C-2EA949166F81}.Debug|Any CPU.ActiveCfg = Debug|Any CPU
		{7D4B9CA8-3ADF-4335-BB3C-2EA949166F81}.Debug|Any CPU.Build.0 = Debug|Any CPU
		{7D4B9CA8-3ADF-4335-BB3C-2EA949166F81}.Release|Any CPU.ActiveCfg = Release|Any CPU
		{7D4B9CA8-3ADF-4335-BB3C-2EA949166F81}.Release|Any CPU.Build.0 = Release|Any CPU
		{F1F894CB-CB23-421E-9360-649AEEE533F9}.Debug|Any CPU.ActiveCfg = Debug|Any CPU
		{F1F894CB-CB23-421E-9360-649AEEE533F9}.Debug|Any CPU.Build.0 = Debug|Any CPU
		{F1F894CB-CB23-421E-9360-649AEEE533F9}.Release|Any CPU.ActiveCfg = Release|Any CPU
		{F1F894CB-CB23-421E-9360-649AEEE533F9}.Release|Any CPU.Build.0 = Release|Any CPU
		{435B31BC-A4D9-448F-9808-87BAFC7A0E1A}.Debug|Any CPU.ActiveCfg = Debug|Any CPU
		{435B31BC-A4D9-448F-9808-87BAFC7A0E1A}.Debug|Any CPU.Build.0 = Debug|Any CPU
		{435B31BC-A4D9-448F-9808-87BAFC7A0E1A}.Release|Any CPU.ActiveCfg = Release|Any CPU
		{435B31BC-A4D9-448F-9808-87BAFC7A0E1A}.Release|Any CPU.Build.0 = Release|Any CPU
		{6474B579-C50C-421C-A1B8-4845C84E60BE}.Debug|Any CPU.ActiveCfg = Debug|Any CPU
		{6474B579-C50C-421C-A1B8-4845C84E60BE}.Debug|Any CPU.Build.0 = Debug|Any CPU
		{6474B579-C50C-421C-A1B8-4845C84E60BE}.Release|Any CPU.ActiveCfg = Release|Any CPU
		{6474B579-C50C-421C-A1B8-4845C84E60BE}.Release|Any CPU.Build.0 = Release|Any CPU
		{19C2C0C8-BD8F-4FA7-9596-F365E06502CB}.Debug|Any CPU.ActiveCfg = Debug|Any CPU
		{19C2C0C8-BD8F-4FA7-9596-F365E06502CB}.Debug|Any CPU.Build.0 = Debug|Any CPU
		{19C2C0C8-BD8F-4FA7-9596-F365E06502CB}.Release|Any CPU.ActiveCfg = Release|Any CPU
		{19C2C0C8-BD8F-4FA7-9596-F365E06502CB}.Release|Any CPU.Build.0 = Release|Any CPU
		{D946F4DC-D5A2-4DEE-82D1-D5DC9E16DFD2}.Debug|Any CPU.ActiveCfg = Debug|Any CPU
		{D946F4DC-D5A2-4DEE-82D1-D5DC9E16DFD2}.Debug|Any CPU.Build.0 = Debug|Any CPU
		{D946F4DC-D5A2-4DEE-82D1-D5DC9E16DFD2}.Release|Any CPU.ActiveCfg = Release|Any CPU
		{D946F4DC-D5A2-4DEE-82D1-D5DC9E16DFD2}.Release|Any CPU.Build.0 = Release|Any CPU
		{974E41A5-F3A8-4AC7-AE9A-031B5D233533}.Debug|Any CPU.ActiveCfg = Debug|Any CPU
		{974E41A5-F3A8-4AC7-AE9A-031B5D233533}.Debug|Any CPU.Build.0 = Debug|Any CPU
		{974E41A5-F3A8-4AC7-AE9A-031B5D233533}.Release|Any CPU.ActiveCfg = Release|Any CPU
		{974E41A5-F3A8-4AC7-AE9A-031B5D233533}.Release|Any CPU.Build.0 = Release|Any CPU
		{C5587A31-B56E-405E-BAF8-ED6A6521AFC0}.Debug|Any CPU.ActiveCfg = Debug|Any CPU
		{C5587A31-B56E-405E-BAF8-ED6A6521AFC0}.Debug|Any CPU.Build.0 = Debug|Any CPU
		{C5587A31-B56E-405E-BAF8-ED6A6521AFC0}.Release|Any CPU.ActiveCfg = Release|Any CPU
		{C5587A31-B56E-405E-BAF8-ED6A6521AFC0}.Release|Any CPU.Build.0 = Release|Any CPU
		{263BF298-4A0E-4268-986E-51FF3249291C}.Debug|Any CPU.ActiveCfg = Debug|Any CPU
		{263BF298-4A0E-4268-986E-51FF3249291C}.Debug|Any CPU.Build.0 = Debug|Any CPU
		{263BF298-4A0E-4268-986E-51FF3249291C}.Release|Any CPU.ActiveCfg = Release|Any CPU
		{263BF298-4A0E-4268-986E-51FF3249291C}.Release|Any CPU.Build.0 = Release|Any CPU
		{EEB758D8-43E1-4D09-89A2-43FB451CAAAC}.Debug|Any CPU.ActiveCfg = Debug|Any CPU
		{EEB758D8-43E1-4D09-89A2-43FB451CAAAC}.Debug|Any CPU.Build.0 = Debug|Any CPU
		{EEB758D8-43E1-4D09-89A2-43FB451CAAAC}.Release|Any CPU.ActiveCfg = Release|Any CPU
		{EEB758D8-43E1-4D09-89A2-43FB451CAAAC}.Release|Any CPU.Build.0 = Release|Any CPU
		{7D3619A9-44ED-40C3-80BB-BE6F22ED5977}.Debug|Any CPU.ActiveCfg = Debug|Any CPU
		{7D3619A9-44ED-40C3-80BB-BE6F22ED5977}.Debug|Any CPU.Build.0 = Debug|Any CPU
		{7D3619A9-44ED-40C3-80BB-BE6F22ED5977}.Release|Any CPU.ActiveCfg = Release|Any CPU
		{7D3619A9-44ED-40C3-80BB-BE6F22ED5977}.Release|Any CPU.Build.0 = Release|Any CPU
		{64D3174D-4290-40C5-8DC7-82C47DB9BA5F}.Debug|Any CPU.ActiveCfg = Debug|Any CPU
		{64D3174D-4290-40C5-8DC7-82C47DB9BA5F}.Debug|Any CPU.Build.0 = Debug|Any CPU
		{64D3174D-4290-40C5-8DC7-82C47DB9BA5F}.Release|Any CPU.ActiveCfg = Release|Any CPU
		{64D3174D-4290-40C5-8DC7-82C47DB9BA5F}.Release|Any CPU.Build.0 = Release|Any CPU
		{E739BEF1-2020-4FAE-A048-76E0821279DD}.Debug|Any CPU.ActiveCfg = Debug|Any CPU
		{E739BEF1-2020-4FAE-A048-76E0821279DD}.Debug|Any CPU.Build.0 = Debug|Any CPU
		{E739BEF1-2020-4FAE-A048-76E0821279DD}.Release|Any CPU.ActiveCfg = Release|Any CPU
		{E739BEF1-2020-4FAE-A048-76E0821279DD}.Release|Any CPU.Build.0 = Release|Any CPU
		{65682A10-831E-48A9-8F86-4E162EE150B7}.Debug|Any CPU.ActiveCfg = Debug|Any CPU
		{65682A10-831E-48A9-8F86-4E162EE150B7}.Debug|Any CPU.Build.0 = Debug|Any CPU
		{65682A10-831E-48A9-8F86-4E162EE150B7}.Release|Any CPU.ActiveCfg = Release|Any CPU
		{65682A10-831E-48A9-8F86-4E162EE150B7}.Release|Any CPU.Build.0 = Release|Any CPU
		{619D9A3B-E32D-40BD-8765-48410FC743BF}.Debug|Any CPU.ActiveCfg = Debug|Any CPU
		{619D9A3B-E32D-40BD-8765-48410FC743BF}.Debug|Any CPU.Build.0 = Debug|Any CPU
		{619D9A3B-E32D-40BD-8765-48410FC743BF}.Release|Any CPU.ActiveCfg = Release|Any CPU
		{619D9A3B-E32D-40BD-8765-48410FC743BF}.Release|Any CPU.Build.0 = Release|Any CPU
		{269A4A70-EEAF-4589-B6A3-48880A66EB78}.Debug|Any CPU.ActiveCfg = Debug|Any CPU
		{269A4A70-EEAF-4589-B6A3-48880A66EB78}.Debug|Any CPU.Build.0 = Debug|Any CPU
		{269A4A70-EEAF-4589-B6A3-48880A66EB78}.Release|Any CPU.ActiveCfg = Release|Any CPU
		{269A4A70-EEAF-4589-B6A3-48880A66EB78}.Release|Any CPU.Build.0 = Release|Any CPU
		{85EABA82-D9CC-40A9-8AC3-E721ACE16B06}.Debug|Any CPU.ActiveCfg = Debug|Any CPU
		{85EABA82-D9CC-40A9-8AC3-E721ACE16B06}.Debug|Any CPU.Build.0 = Debug|Any CPU
		{85EABA82-D9CC-40A9-8AC3-E721ACE16B06}.Release|Any CPU.ActiveCfg = Release|Any CPU
		{85EABA82-D9CC-40A9-8AC3-E721ACE16B06}.Release|Any CPU.Build.0 = Release|Any CPU
		{C312B1C6-F253-4B77-838A-86979122D360}.Debug|Any CPU.ActiveCfg = Debug|Any CPU
		{C312B1C6-F253-4B77-838A-86979122D360}.Debug|Any CPU.Build.0 = Debug|Any CPU
		{C312B1C6-F253-4B77-838A-86979122D360}.Release|Any CPU.ActiveCfg = Release|Any CPU
		{C312B1C6-F253-4B77-838A-86979122D360}.Release|Any CPU.Build.0 = Release|Any CPU
		{1EF2E7E3-01E6-4EFC-9C54-C14E260ECECF}.Debug|Any CPU.ActiveCfg = Debug|Any CPU
		{1EF2E7E3-01E6-4EFC-9C54-C14E260ECECF}.Debug|Any CPU.Build.0 = Debug|Any CPU
		{1EF2E7E3-01E6-4EFC-9C54-C14E260ECECF}.Release|Any CPU.ActiveCfg = Release|Any CPU
		{1EF2E7E3-01E6-4EFC-9C54-C14E260ECECF}.Release|Any CPU.Build.0 = Release|Any CPU
		{CD35EA33-56D7-4183-BEE0-EAF40A912C38}.Debug|Any CPU.ActiveCfg = Debug|Any CPU
		{CD35EA33-56D7-4183-BEE0-EAF40A912C38}.Debug|Any CPU.Build.0 = Debug|Any CPU
		{CD35EA33-56D7-4183-BEE0-EAF40A912C38}.Release|Any CPU.ActiveCfg = Release|Any CPU
		{CD35EA33-56D7-4183-BEE0-EAF40A912C38}.Release|Any CPU.Build.0 = Release|Any CPU
		{E5FE41F8-2D8A-4D4D-8638-2C8381BA67E5}.Debug|Any CPU.ActiveCfg = Debug|Any CPU
		{E5FE41F8-2D8A-4D4D-8638-2C8381BA67E5}.Debug|Any CPU.Build.0 = Debug|Any CPU
		{E5FE41F8-2D8A-4D4D-8638-2C8381BA67E5}.Release|Any CPU.ActiveCfg = Release|Any CPU
		{E5FE41F8-2D8A-4D4D-8638-2C8381BA67E5}.Release|Any CPU.Build.0 = Release|Any CPU
		{8FC28C9B-A465-418C-B22D-E42A4E7FF18F}.Debug|Any CPU.ActiveCfg = Debug|Any CPU
		{8FC28C9B-A465-418C-B22D-E42A4E7FF18F}.Debug|Any CPU.Build.0 = Debug|Any CPU
		{8FC28C9B-A465-418C-B22D-E42A4E7FF18F}.Release|Any CPU.ActiveCfg = Release|Any CPU
		{8FC28C9B-A465-418C-B22D-E42A4E7FF18F}.Release|Any CPU.Build.0 = Release|Any CPU
	EndGlobalSection
	GlobalSection(SolutionProperties) = preSolution
		HideSolutionNode = FALSE
	EndGlobalSection
	GlobalSection(NestedProjects) = preSolution
		{7D4B9CA8-3ADF-4335-BB3C-2EA949166F81} = {82738CF6-978E-4F93-9127-818416D73951}
		{F1F894CB-CB23-421E-9360-649AEEE533F9} = {82738CF6-978E-4F93-9127-818416D73951}
		{435B31BC-A4D9-448F-9808-87BAFC7A0E1A} = {4CADFF2F-EC5D-4FEF-B6F7-7DDA68CD4DBF}
		{6474B579-C50C-421C-A1B8-4845C84E60BE} = {4CADFF2F-EC5D-4FEF-B6F7-7DDA68CD4DBF}
		{19C2C0C8-BD8F-4FA7-9596-F365E06502CB} = {4CADFF2F-EC5D-4FEF-B6F7-7DDA68CD4DBF}
		{D946F4DC-D5A2-4DEE-82D1-D5DC9E16DFD2} = {4CADFF2F-EC5D-4FEF-B6F7-7DDA68CD4DBF}
		{974E41A5-F3A8-4AC7-AE9A-031B5D233533} = {4CADFF2F-EC5D-4FEF-B6F7-7DDA68CD4DBF}
		{C5587A31-B56E-405E-BAF8-ED6A6521AFC0} = {4CADFF2F-EC5D-4FEF-B6F7-7DDA68CD4DBF}
		{263BF298-4A0E-4268-986E-51FF3249291C} = {4CADFF2F-EC5D-4FEF-B6F7-7DDA68CD4DBF}
		{EEB758D8-43E1-4D09-89A2-43FB451CAAAC} = {4CADFF2F-EC5D-4FEF-B6F7-7DDA68CD4DBF}
		{7D3619A9-44ED-40C3-80BB-BE6F22ED5977} = {4CADFF2F-EC5D-4FEF-B6F7-7DDA68CD4DBF}
		{64D3174D-4290-40C5-8DC7-82C47DB9BA5F} = {4CADFF2F-EC5D-4FEF-B6F7-7DDA68CD4DBF}
		{E739BEF1-2020-4FAE-A048-76E0821279DD} = {4CADFF2F-EC5D-4FEF-B6F7-7DDA68CD4DBF}
		{65682A10-831E-48A9-8F86-4E162EE150B7} = {4CADFF2F-EC5D-4FEF-B6F7-7DDA68CD4DBF}
		{619D9A3B-E32D-40BD-8765-48410FC743BF} = {4CADFF2F-EC5D-4FEF-B6F7-7DDA68CD4DBF}
		{269A4A70-EEAF-4589-B6A3-48880A66EB78} = {4CADFF2F-EC5D-4FEF-B6F7-7DDA68CD4DBF}
		{85EABA82-D9CC-40A9-8AC3-E721ACE16B06} = {239FE6F6-BF5A-46FF-A81F-3070E97109AE}
		{C312B1C6-F253-4B77-838A-86979122D360} = {239FE6F6-BF5A-46FF-A81F-3070E97109AE}
		{E5FE41F8-2D8A-4D4D-8638-2C8381BA67E5} = {40A202AB-CADF-4FF2-AD41-862129B295E2}
		{8FC28C9B-A465-418C-B22D-E42A4E7FF18F} = {40A202AB-CADF-4FF2-AD41-862129B295E2}
	EndGlobalSection
	GlobalSection(ExtensibilityGlobals) = postSolution
		SolutionGuid = {4140D1B5-1C88-4DCA-BD9E-2D2C856A9C46}
	EndGlobalSection
EndGlobal
