
Microsoft Visual Studio Solution File, Format Version 12.00
# Visual Studio 15
VisualStudioVersion = 15.0.27130.2020
MinimumVisualStudioVersion = 10.0.40219.1
Project("{2150E333-8FDC-42A3-9474-1A3956D46DE8}") = "Test", "Test", "{FFE08932-887C-4D23-AD4E-824A71D60B2D}"
EndProject
Project("{2150E333-8FDC-42A3-9474-1A3956D46DE8}") = "Code", "Code", "{67F7DDAC-87D1-439D-A9ED-E6EA5BC57028}"
EndProject
Project("{FAE04EC0-301F-11D3-BF4B-00C04F79EFBC}") = "Common", "trunk\Code\Common\Common.csproj", "{5164AEA4-4638-40A6-A6B6-0C14485975E2}"
EndProject
Project("{FAE04EC0-301F-11D3-BF4B-00C04F79EFBC}") = "Quartz", "trunk\Code\Quartz\Quartz.csproj", "{40CF84FC-EC7D-48E6-8B54-BF8691D22295}"
EndProject
Project("{FAE04EC0-301F-11D3-BF4B-00C04F79EFBC}") = "TestReactJS.Net.MVC", "trunk\Test\TestReactJS.Net.MVC\TestReactJS.Net.MVC.csproj", "{52352ED7-55EC-4AAE-B34C-81132DD102D2}"
EndProject
Project("{FAE04EC0-301F-11D3-BF4B-00C04F79EFBC}") = "ReactJS.NET", "trunk\Code\ReactJS.NET\ReactJS.NET.csproj", "{43EFE460-40FD-4571-B87D-5400D2CB7870}"
EndProject
Project("{FAE04EC0-301F-11D3-BF4B-00C04F79EFBC}") = "TestReactJS.NET", "trunk\Test\TestReactJS.NET\TestReactJS.NET.csproj", "{81CB23E0-060A-4242-BC3C-EE64E81C4274}"
EndProject
Project("{FAE04EC0-301F-11D3-BF4B-00C04F79EFBC}") = "TestQuartz", "trunk\Test\TestQuartz\TestQuartz.csproj", "{E13356FA-2ABD-49C4-805E-616C5FDD21C3}"
EndProject
Project("{FAE04EC0-301F-11D3-BF4B-00C04F79EFBC}") = "ASP.NET.MVC", "trunk\Code\ASP.NET.MVC\ASP.NET.MVC.csproj", "{9A72671F-792A-47B4-B4D6-2AE7CF6CA96A}"
EndProject
Project("{FAE04EC0-301F-11D3-BF4B-00C04F79EFBC}") = "TestConfig", "trunk\Test\TestConfig\TestConfig.csproj", "{6D964C1A-3264-4C92-B086-529025380DBF}"
EndProject
Project("{FAE04EC0-301F-11D3-BF4B-00C04F79EFBC}") = "TestNewtonsoft.Json", "trunk\Test\TestNewtonsoft.Json\TestNewtonsoft.Json.csproj", "{A2097EE3-BC85-450C-BC2E-9FE30F4527EA}"
EndProject
Project("{FAE04EC0-301F-11D3-BF4B-00C04F79EFBC}") = "UserOperatorInterpreter", "trunk\Code\UserOperatorInterpreter\UserOperatorInterpreter.csproj", "{F278FB72-04A6-4463-959A-914BD314A595}"
EndProject
Project("{FAE04EC0-301F-11D3-BF4B-00C04F79EFBC}") = "TestUserOperatorInterpreter", "trunk\Test\TestUserOperatorInterpreter\TestUserOperatorInterpreter.csproj", "{909429F0-6483-4C53-BF05-8EEEC265E3C9}"
EndProject
Project("{2150E333-8FDC-42A3-9474-1A3956D46DE8}") = "WebSocket", "WebSocket", "{481356F8-43D6-4FDA-B433-08D597135EF1}"
EndProject
Project("{FAE04EC0-301F-11D3-BF4B-00C04F79EFBC}") = "WebSocketService", "trunk\Code\WebSocket\WebSocketService\WebSocketService.csproj", "{EB132D94-BCA0-4828-9322-86D2FB3B2744}"
EndProject
Project("{FAE04EC0-301F-11D3-BF4B-00C04F79EFBC}") = "WebSocketClient", "trunk\Code\WebSocket\WebSocketClient\WebSocketClient.csproj", "{6B46B262-D548-41CE-B840-34914EF63945}"
EndProject
Project("{FAE04EC0-301F-11D3-BF4B-00C04F79EFBC}") = "WebSocketService.Core", "trunk\Code\WebSocket\WebSocketService.Core\WebSocketService.Core.csproj", "{BA46BB13-27F5-4FF1-BC45-FCF960644BBE}"
EndProject
Project("{FAE04EC0-301F-11D3-BF4B-00C04F79EFBC}") = "WebSocketClient.Core", "trunk\Code\WebSocket\WebSocketClient.Core\WebSocketClient.Core.csproj", "{CD8EB90D-344A-4AAB-A2A4-86324F3E1860}"
EndProject
Global
	GlobalSection(SolutionConfigurationPlatforms) = preSolution
		Debug|Any CPU = Debug|Any CPU
		Release|Any CPU = Release|Any CPU
	EndGlobalSection
	GlobalSection(ProjectConfigurationPlatforms) = postSolution
		{5164AEA4-4638-40A6-A6B6-0C14485975E2}.Debug|Any CPU.ActiveCfg = Debug|Any CPU
		{5164AEA4-4638-40A6-A6B6-0C14485975E2}.Debug|Any CPU.Build.0 = Debug|Any CPU
		{5164AEA4-4638-40A6-A6B6-0C14485975E2}.Release|Any CPU.ActiveCfg = Release|Any CPU
		{5164AEA4-4638-40A6-A6B6-0C14485975E2}.Release|Any CPU.Build.0 = Release|Any CPU
		{40CF84FC-EC7D-48E6-8B54-BF8691D22295}.Debug|Any CPU.ActiveCfg = Debug|Any CPU
		{40CF84FC-EC7D-48E6-8B54-BF8691D22295}.Debug|Any CPU.Build.0 = Debug|Any CPU
		{40CF84FC-EC7D-48E6-8B54-BF8691D22295}.Release|Any CPU.ActiveCfg = Release|Any CPU
		{40CF84FC-EC7D-48E6-8B54-BF8691D22295}.Release|Any CPU.Build.0 = Release|Any CPU
		{52352ED7-55EC-4AAE-B34C-81132DD102D2}.Debug|Any CPU.ActiveCfg = Debug|Any CPU
		{52352ED7-55EC-4AAE-B34C-81132DD102D2}.Debug|Any CPU.Build.0 = Debug|Any CPU
		{52352ED7-55EC-4AAE-B34C-81132DD102D2}.Release|Any CPU.ActiveCfg = Release|Any CPU
		{52352ED7-55EC-4AAE-B34C-81132DD102D2}.Release|Any CPU.Build.0 = Release|Any CPU
		{43EFE460-40FD-4571-B87D-5400D2CB7870}.Debug|Any CPU.ActiveCfg = Debug|Any CPU
		{43EFE460-40FD-4571-B87D-5400D2CB7870}.Debug|Any CPU.Build.0 = Debug|Any CPU
		{43EFE460-40FD-4571-B87D-5400D2CB7870}.Release|Any CPU.ActiveCfg = Release|Any CPU
		{43EFE460-40FD-4571-B87D-5400D2CB7870}.Release|Any CPU.Build.0 = Release|Any CPU
		{81CB23E0-060A-4242-BC3C-EE64E81C4274}.Debug|Any CPU.ActiveCfg = Debug|Any CPU
		{81CB23E0-060A-4242-BC3C-EE64E81C4274}.Debug|Any CPU.Build.0 = Debug|Any CPU
		{81CB23E0-060A-4242-BC3C-EE64E81C4274}.Release|Any CPU.ActiveCfg = Release|Any CPU
		{81CB23E0-060A-4242-BC3C-EE64E81C4274}.Release|Any CPU.Build.0 = Release|Any CPU
		{E13356FA-2ABD-49C4-805E-616C5FDD21C3}.Debug|Any CPU.ActiveCfg = Debug|Any CPU
		{E13356FA-2ABD-49C4-805E-616C5FDD21C3}.Debug|Any CPU.Build.0 = Debug|Any CPU
		{E13356FA-2ABD-49C4-805E-616C5FDD21C3}.Release|Any CPU.ActiveCfg = Release|Any CPU
		{E13356FA-2ABD-49C4-805E-616C5FDD21C3}.Release|Any CPU.Build.0 = Release|Any CPU
		{9A72671F-792A-47B4-B4D6-2AE7CF6CA96A}.Debug|Any CPU.ActiveCfg = Debug|Any CPU
		{9A72671F-792A-47B4-B4D6-2AE7CF6CA96A}.Debug|Any CPU.Build.0 = Debug|Any CPU
		{9A72671F-792A-47B4-B4D6-2AE7CF6CA96A}.Release|Any CPU.ActiveCfg = Release|Any CPU
		{9A72671F-792A-47B4-B4D6-2AE7CF6CA96A}.Release|Any CPU.Build.0 = Release|Any CPU
		{6D964C1A-3264-4C92-B086-529025380DBF}.Debug|Any CPU.ActiveCfg = Debug|Any CPU
		{6D964C1A-3264-4C92-B086-529025380DBF}.Debug|Any CPU.Build.0 = Debug|Any CPU
		{6D964C1A-3264-4C92-B086-529025380DBF}.Release|Any CPU.ActiveCfg = Release|Any CPU
		{6D964C1A-3264-4C92-B086-529025380DBF}.Release|Any CPU.Build.0 = Release|Any CPU
		{A2097EE3-BC85-450C-BC2E-9FE30F4527EA}.Debug|Any CPU.ActiveCfg = Debug|Any CPU
		{A2097EE3-BC85-450C-BC2E-9FE30F4527EA}.Debug|Any CPU.Build.0 = Debug|Any CPU
		{A2097EE3-BC85-450C-BC2E-9FE30F4527EA}.Release|Any CPU.ActiveCfg = Release|Any CPU
		{A2097EE3-BC85-450C-BC2E-9FE30F4527EA}.Release|Any CPU.Build.0 = Release|Any CPU
		{F278FB72-04A6-4463-959A-914BD314A595}.Debug|Any CPU.ActiveCfg = Debug|Any CPU
		{F278FB72-04A6-4463-959A-914BD314A595}.Debug|Any CPU.Build.0 = Debug|Any CPU
		{F278FB72-04A6-4463-959A-914BD314A595}.Release|Any CPU.ActiveCfg = Release|Any CPU
		{F278FB72-04A6-4463-959A-914BD314A595}.Release|Any CPU.Build.0 = Release|Any CPU
		{909429F0-6483-4C53-BF05-8EEEC265E3C9}.Debug|Any CPU.ActiveCfg = Debug|Any CPU
		{909429F0-6483-4C53-BF05-8EEEC265E3C9}.Debug|Any CPU.Build.0 = Debug|Any CPU
		{909429F0-6483-4C53-BF05-8EEEC265E3C9}.Release|Any CPU.ActiveCfg = Release|Any CPU
		{909429F0-6483-4C53-BF05-8EEEC265E3C9}.Release|Any CPU.Build.0 = Release|Any CPU
		{EB132D94-BCA0-4828-9322-86D2FB3B2744}.Debug|Any CPU.ActiveCfg = Debug|Any CPU
		{EB132D94-BCA0-4828-9322-86D2FB3B2744}.Debug|Any CPU.Build.0 = Debug|Any CPU
		{EB132D94-BCA0-4828-9322-86D2FB3B2744}.Release|Any CPU.ActiveCfg = Release|Any CPU
		{EB132D94-BCA0-4828-9322-86D2FB3B2744}.Release|Any CPU.Build.0 = Release|Any CPU
		{6B46B262-D548-41CE-B840-34914EF63945}.Debug|Any CPU.ActiveCfg = Debug|Any CPU
		{6B46B262-D548-41CE-B840-34914EF63945}.Debug|Any CPU.Build.0 = Debug|Any CPU
		{6B46B262-D548-41CE-B840-34914EF63945}.Release|Any CPU.ActiveCfg = Release|Any CPU
		{6B46B262-D548-41CE-B840-34914EF63945}.Release|Any CPU.Build.0 = Release|Any CPU
		{BA46BB13-27F5-4FF1-BC45-FCF960644BBE}.Debug|Any CPU.ActiveCfg = Debug|Any CPU
		{BA46BB13-27F5-4FF1-BC45-FCF960644BBE}.Debug|Any CPU.Build.0 = Debug|Any CPU
		{BA46BB13-27F5-4FF1-BC45-FCF960644BBE}.Release|Any CPU.ActiveCfg = Release|Any CPU
		{BA46BB13-27F5-4FF1-BC45-FCF960644BBE}.Release|Any CPU.Build.0 = Release|Any CPU
		{CD8EB90D-344A-4AAB-A2A4-86324F3E1860}.Debug|Any CPU.ActiveCfg = Debug|Any CPU
		{CD8EB90D-344A-4AAB-A2A4-86324F3E1860}.Debug|Any CPU.Build.0 = Debug|Any CPU
		{CD8EB90D-344A-4AAB-A2A4-86324F3E1860}.Release|Any CPU.ActiveCfg = Release|Any CPU
		{CD8EB90D-344A-4AAB-A2A4-86324F3E1860}.Release|Any CPU.Build.0 = Release|Any CPU
	EndGlobalSection
	GlobalSection(SolutionProperties) = preSolution
		HideSolutionNode = FALSE
	EndGlobalSection
	GlobalSection(NestedProjects) = preSolution
		{5164AEA4-4638-40A6-A6B6-0C14485975E2} = {67F7DDAC-87D1-439D-A9ED-E6EA5BC57028}
		{40CF84FC-EC7D-48E6-8B54-BF8691D22295} = {67F7DDAC-87D1-439D-A9ED-E6EA5BC57028}
		{52352ED7-55EC-4AAE-B34C-81132DD102D2} = {FFE08932-887C-4D23-AD4E-824A71D60B2D}
		{43EFE460-40FD-4571-B87D-5400D2CB7870} = {67F7DDAC-87D1-439D-A9ED-E6EA5BC57028}
		{81CB23E0-060A-4242-BC3C-EE64E81C4274} = {FFE08932-887C-4D23-AD4E-824A71D60B2D}
		{E13356FA-2ABD-49C4-805E-616C5FDD21C3} = {FFE08932-887C-4D23-AD4E-824A71D60B2D}
		{9A72671F-792A-47B4-B4D6-2AE7CF6CA96A} = {67F7DDAC-87D1-439D-A9ED-E6EA5BC57028}
		{6D964C1A-3264-4C92-B086-529025380DBF} = {FFE08932-887C-4D23-AD4E-824A71D60B2D}
		{A2097EE3-BC85-450C-BC2E-9FE30F4527EA} = {FFE08932-887C-4D23-AD4E-824A71D60B2D}
		{F278FB72-04A6-4463-959A-914BD314A595} = {67F7DDAC-87D1-439D-A9ED-E6EA5BC57028}
		{909429F0-6483-4C53-BF05-8EEEC265E3C9} = {FFE08932-887C-4D23-AD4E-824A71D60B2D}
		{481356F8-43D6-4FDA-B433-08D597135EF1} = {67F7DDAC-87D1-439D-A9ED-E6EA5BC57028}
		{EB132D94-BCA0-4828-9322-86D2FB3B2744} = {481356F8-43D6-4FDA-B433-08D597135EF1}
		{6B46B262-D548-41CE-B840-34914EF63945} = {481356F8-43D6-4FDA-B433-08D597135EF1}
		{BA46BB13-27F5-4FF1-BC45-FCF960644BBE} = {481356F8-43D6-4FDA-B433-08D597135EF1}
		{CD8EB90D-344A-4AAB-A2A4-86324F3E1860} = {481356F8-43D6-4FDA-B433-08D597135EF1}
	EndGlobalSection
	GlobalSection(ExtensibilityGlobals) = postSolution
		SolutionGuid = {803A8CED-A582-4266-9AE5-7FA9C310B87A}
	EndGlobalSection
EndGlobal
