
Microsoft Visual Studio Solution File, Format Version 12.00
# Visual Studio 15
VisualStudioVersion = 15.0.26430.6
MinimumVisualStudioVersion = 10.0.40219.1
Project("{9A19103F-16F7-4668-BE54-9A1E7A4F7556}") = "TypeScript", "TypeScript\TypeScript.csproj", "{AE6811F9-5072-4741-8A75-1FA5EB6CB551}"
EndProject
Project("{2150E333-8FDC-42A3-9474-1A3956D46DE8}") = "Web", "Web", "{83660096-3C26-4CCC-BACB-C052CE84F622}"
EndProject
Global
	GlobalSection(SolutionConfigurationPlatforms) = preSolution
		Debug|Any CPU = Debug|Any CPU
		Release|Any CPU = Release|Any CPU
	EndGlobalSection
	GlobalSection(ProjectConfigurationPlatforms) = postSolution
		{AE6811F9-5072-4741-8A75-1FA5EB6CB551}.Debug|Any CPU.ActiveCfg = Debug|Any CPU
		{AE6811F9-5072-4741-8A75-1FA5EB6CB551}.Debug|Any CPU.Build.0 = Debug|Any CPU
		{AE6811F9-5072-4741-8A75-1FA5EB6CB551}.Release|Any CPU.ActiveCfg = Release|Any CPU
		{AE6811F9-5072-4741-8A75-1FA5EB6CB551}.Release|Any CPU.Build.0 = Release|Any CPU
	EndGlobalSection
	GlobalSection(SolutionProperties) = preSolution
		HideSolutionNode = FALSE
	EndGlobalSection
	GlobalSection(NestedProjects) = preSolution
		{AE6811F9-5072-4741-8A75-1FA5EB6CB551} = {83660096-3C26-4CCC-BACB-C052CE84F622}
	EndGlobalSection
EndGlobal
