
Microsoft Visual Studio Solution File, Format Version 12.00
# Visual Studio 15
VisualStudioVersion = 15.0.28307.271
MinimumVisualStudioVersion = 10.0.40219.1
Project("{FAE04EC0-301F-11D3-BF4B-00C04F79EFBC}") = "ASP.NET_Pipeline", "trunk\ASP.NET_Pipeline\ASP.NET_Pipeline.csproj", "{BC58A164-AA19-450B-9D45-FB6EDAEF200B}"
EndProject
Project("{FAE04EC0-301F-11D3-BF4B-00C04F79EFBC}") = "MVC_Pipeline", "trunk\MVC_Pipeline\MVC_Pipeline.csproj", "{995031A8-71E7-4930-BBBC-3FE5296D30B6}"
EndProject
Project("{9A19103F-16F7-4668-BE54-9A1E7A4F7556}") = "ASP.NET.Core_Pipeline", "trunk\ASP.NET.Core_Pipeline\ASP.NET.Core_Pipeline.csproj", "{00EE3134-23AE-4707-ADBF-547D92B39962}"
EndProject
Project("{FAE04EC0-301F-11D3-BF4B-00C04F79EFBC}") = "HttpRequestLogger", "trunk\HttpRequestLogger\HttpRequestLogger.csproj", "{198522D9-52A5-4E37-9B76-8568B88F78F9}"
EndProject
Project("{FAE04EC0-301F-11D3-BF4B-00C04F79EFBC}") = "Unity_MVC", "..\MVC\src\Unity_MVC\Unity_MVC.csproj", "{3587D7E3-3368-40F9-913F-E49F6005CF1C}"
EndProject
Project("{FAE04EC0-301F-11D3-BF4B-00C04F79EFBC}") = "Unity.MVC5", "..\MVC\src\Unity.MVC5\Unity.MVC5.csproj", "{293614C5-FD6A-4ADD-B717-796CEAC2DE67}"
EndProject
Global
	GlobalSection(SolutionConfigurationPlatforms) = preSolution
		Debug|Any CPU = Debug|Any CPU
		Release|Any CPU = Release|Any CPU
	EndGlobalSection
	GlobalSection(ProjectConfigurationPlatforms) = postSolution
		{BC58A164-AA19-450B-9D45-FB6EDAEF200B}.Debug|Any CPU.ActiveCfg = Debug|Any CPU
		{BC58A164-AA19-450B-9D45-FB6EDAEF200B}.Debug|Any CPU.Build.0 = Debug|Any CPU
		{BC58A164-AA19-450B-9D45-FB6EDAEF200B}.Release|Any CPU.ActiveCfg = Release|Any CPU
		{BC58A164-AA19-450B-9D45-FB6EDAEF200B}.Release|Any CPU.Build.0 = Release|Any CPU
		{995031A8-71E7-4930-BBBC-3FE5296D30B6}.Debug|Any CPU.ActiveCfg = Debug|Any CPU
		{995031A8-71E7-4930-BBBC-3FE5296D30B6}.Debug|Any CPU.Build.0 = Debug|Any CPU
		{995031A8-71E7-4930-BBBC-3FE5296D30B6}.Release|Any CPU.ActiveCfg = Release|Any CPU
		{995031A8-71E7-4930-BBBC-3FE5296D30B6}.Release|Any CPU.Build.0 = Release|Any CPU
		{00EE3134-23AE-4707-ADBF-547D92B39962}.Debug|Any CPU.ActiveCfg = Debug|Any CPU
		{00EE3134-23AE-4707-ADBF-547D92B39962}.Debug|Any CPU.Build.0 = Debug|Any CPU
		{00EE3134-23AE-4707-ADBF-547D92B39962}.Release|Any CPU.ActiveCfg = Release|Any CPU
		{00EE3134-23AE-4707-ADBF-547D92B39962}.Release|Any CPU.Build.0 = Release|Any CPU
		{198522D9-52A5-4E37-9B76-8568B88F78F9}.Debug|Any CPU.ActiveCfg = Debug|Any CPU
		{198522D9-52A5-4E37-9B76-8568B88F78F9}.Debug|Any CPU.Build.0 = Debug|Any CPU
		{198522D9-52A5-4E37-9B76-8568B88F78F9}.Release|Any CPU.ActiveCfg = Release|Any CPU
		{198522D9-52A5-4E37-9B76-8568B88F78F9}.Release|Any CPU.Build.0 = Release|Any CPU
		{3587D7E3-3368-40F9-913F-E49F6005CF1C}.Debug|Any CPU.ActiveCfg = Debug|Any CPU
		{3587D7E3-3368-40F9-913F-E49F6005CF1C}.Debug|Any CPU.Build.0 = Debug|Any CPU
		{3587D7E3-3368-40F9-913F-E49F6005CF1C}.Release|Any CPU.ActiveCfg = Release|Any CPU
		{3587D7E3-3368-40F9-913F-E49F6005CF1C}.Release|Any CPU.Build.0 = Release|Any CPU
		{293614C5-FD6A-4ADD-B717-796CEAC2DE67}.Debug|Any CPU.ActiveCfg = Debug|Any CPU
		{293614C5-FD6A-4ADD-B717-796CEAC2DE67}.Debug|Any CPU.Build.0 = Debug|Any CPU
		{293614C5-FD6A-4ADD-B717-796CEAC2DE67}.Release|Any CPU.ActiveCfg = Release|Any CPU
		{293614C5-FD6A-4ADD-B717-796CEAC2DE67}.Release|Any CPU.Build.0 = Release|Any CPU
	EndGlobalSection
	GlobalSection(SolutionProperties) = preSolution
		HideSolutionNode = FALSE
	EndGlobalSection
	GlobalSection(ExtensibilityGlobals) = postSolution
		SolutionGuid = {A8E65DFD-0961-44C6-9674-D92112FF4DEF}
	EndGlobalSection
EndGlobal
